
Microsoft Visual Studio Solution File, Format Version 12.00
# Visual Studio Version 16
VisualStudioVersion = 25.0.1706.9
MinimumVisualStudioVersion = 10.0.40219.1
Project("{FAE04EC0-301F-11D3-BF4B-00C04F79EFBC}") = "Online-Ceramics-Store", "Online-Ceramics-Store.csproj", "{9EFC635A-136E-4BF0-B287-2A4A6AB32607}"
EndProject
Global
	GlobalSection(SolutionConfigurationPlatforms) = preSolution
		Debug|Any CPU = Debug|Any CPU
		Release|Any CPU = Release|Any CPU
	EndGlobalSection
	GlobalSection(ProjectConfigurationPlatforms) = postSolution
		{9EFC635A-136E-4BF0-B287-2A4A6AB32607}.Debug|Any CPU.ActiveCfg = Debug|Any CPU
		{9EFC635A-136E-4BF0-B287-2A4A6AB32607}.Debug|Any CPU.Build.0 = Debug|Any CPU
		{9EFC635A-136E-4BF0-B287-2A4A6AB32607}.Release|Any CPU.ActiveCfg = Release|Any CPU
		{9EFC635A-136E-4BF0-B287-2A4A6AB32607}.Release|Any CPU.Build.0 = Release|Any CPU
	EndGlobalSection
	GlobalSection(SolutionProperties) = preSolution
		HideSolutionNode = FALSE
	EndGlobalSection
	GlobalSection(ExtensibilityGlobals) = postSolution
		SolutionGuid = {EEB787B7-AD50-4B87-9BFE-7FB8D8895D57}
	EndGlobalSection
EndGlobal
