
Microsoft Visual Studio Solution File, Format Version 12.00
# Visual Studio Version 16
VisualStudioVersion = 25.0.1706.8
MinimumVisualStudioVersion = 10.0.40219.1
Project("{FAE04EC0-301F-11D3-BF4B-00C04F79EFBC}") = "Online-Ceramics-Store", "Online-Ceramics-Store\Online-Ceramics-Store.csproj", "{E0BD20BE-C395-4DCD-A2A6-74B98EEB5E9B}"
EndProject
Global
	GlobalSection(SolutionConfigurationPlatforms) = preSolution
		Debug|Any CPU = Debug|Any CPU
		Release|Any CPU = Release|Any CPU
	EndGlobalSection
	GlobalSection(ProjectConfigurationPlatforms) = postSolution
		{E0BD20BE-C395-4DCD-A2A6-74B98EEB5E9B}.Debug|Any CPU.ActiveCfg = Debug|Any CPU
		{E0BD20BE-C395-4DCD-A2A6-74B98EEB5E9B}.Debug|Any CPU.Build.0 = Debug|Any CPU
		{E0BD20BE-C395-4DCD-A2A6-74B98EEB5E9B}.Release|Any CPU.ActiveCfg = Release|Any CPU
		{E0BD20BE-C395-4DCD-A2A6-74B98EEB5E9B}.Release|Any CPU.Build.0 = Release|Any CPU
	EndGlobalSection
	GlobalSection(SolutionProperties) = preSolution
		HideSolutionNode = FALSE
	EndGlobalSection
	GlobalSection(ExtensibilityGlobals) = postSolution
		SolutionGuid = {809C754C-E5A3-4D88-AE50-F33BE2380688}
	EndGlobalSection
EndGlobal
